
Microsoft Visual Studio Solution File, Format Version 12.00
# Visual Studio Version 17
VisualStudioVersion = 17.9.34714.143
MinimumVisualStudioVersion = 10.0.40219.1
Project("{9A19103F-16F7-4668-BE54-9A1E7A4F7556}") = "FFImageTest", "FFImageTest\FFImageTest.csproj", "{9FAAFE62-304A-412F-916A-8DA706212FF0}"
EndProject
Project("{FAE04EC0-301F-11D3-BF4B-00C04F79EFBC}") = "FFImageTest.Tests", "FFImageTest.Tests\FFImageTest.Tests.csproj", "{EF6C403B-07C1-4874-97EE-0145237B666C}"
EndProject
Global
	GlobalSection(SolutionConfigurationPlatforms) = preSolution
		Debug|Any CPU = Debug|Any CPU
		Release|Any CPU = Release|Any CPU
	EndGlobalSection
	GlobalSection(ProjectConfigurationPlatforms) = postSolution
		{9FAAFE62-304A-412F-916A-8DA706212FF0}.Debug|Any CPU.ActiveCfg = Debug|Any CPU
		{9FAAFE62-304A-412F-916A-8DA706212FF0}.Debug|Any CPU.Build.0 = Debug|Any CPU
		{9FAAFE62-304A-412F-916A-8DA706212FF0}.Debug|Any CPU.Deploy.0 = Debug|Any CPU
		{9FAAFE62-304A-412F-916A-8DA706212FF0}.Release|Any CPU.ActiveCfg = Release|Any CPU
		{9FAAFE62-304A-412F-916A-8DA706212FF0}.Release|Any CPU.Build.0 = Release|Any CPU
		{9FAAFE62-304A-412F-916A-8DA706212FF0}.Release|Any CPU.Deploy.0 = Release|Any CPU
		{EF6C403B-07C1-4874-97EE-0145237B666C}.Debug|Any CPU.ActiveCfg = Debug|Any CPU
		{EF6C403B-07C1-4874-97EE-0145237B666C}.Debug|Any CPU.Build.0 = Debug|Any CPU
		{EF6C403B-07C1-4874-97EE-0145237B666C}.Release|Any CPU.ActiveCfg = Release|Any CPU
		{EF6C403B-07C1-4874-97EE-0145237B666C}.Release|Any CPU.Build.0 = Release|Any CPU
	EndGlobalSection
	GlobalSection(SolutionProperties) = preSolution
		HideSolutionNode = FALSE
	EndGlobalSection
	GlobalSection(ExtensibilityGlobals) = postSolution
		SolutionGuid = {FCE044D5-B7ED-4A7D-9612-4810964F5B0C}
	EndGlobalSection
EndGlobal
